
Microsoft Visual Studio Solution File, Format Version 12.00
# Visual Studio Version 17
VisualStudioVersion = 17.0.31903.59
MinimumVisualStudioVersion = 10.0.40219.1
Project("{FAE04EC0-301F-11D3-BF4B-00C04F79EFBC}") = "MAPP.Domain", "MAPP.Domain\MAPP.Domain.csproj", "{971DD6C8-000B-4308-9DCE-8347F5D0DD70}"
EndProject
Project("{FAE04EC0-301F-11D3-BF4B-00C04F79EFBC}") = "MAPP.Application", "MAPP.Application\MAPP.Application.csproj", "{EF66B1BE-64F3-4253-B7F0-EFE7155B30F9}"
EndProject
Project("{FAE04EC0-301F-11D3-BF4B-00C04F79EFBC}") = "MAPP.Infrastructure", "MAPP.Infrastructure\MAPP.Infrastructure.csproj", "{D654C3E8-A284-4460-8C29-D30CC25D5F04}"
EndProject
Project("{FAE04EC0-301F-11D3-BF4B-00C04F79EFBC}") = "MAPP.Api", "MAPP.Api\MAPP.Api.csproj", "{FDB0A37D-C4D0-4007-A2B3-92DD400A47E8}"
EndProject
Global
	GlobalSection(SolutionConfigurationPlatforms) = preSolution
		Debug|Any CPU = Debug|Any CPU
		Debug|x64 = Debug|x64
		Debug|x86 = Debug|x86
		Release|Any CPU = Release|Any CPU
		Release|x64 = Release|x64
		Release|x86 = Release|x86
	EndGlobalSection
	GlobalSection(ProjectConfigurationPlatforms) = postSolution
		{971DD6C8-000B-4308-9DCE-8347F5D0DD70}.Debug|Any CPU.ActiveCfg = Debug|Any CPU
		{971DD6C8-000B-4308-9DCE-8347F5D0DD70}.Debug|Any CPU.Build.0 = Debug|Any CPU
		{971DD6C8-000B-4308-9DCE-8347F5D0DD70}.Debug|x64.ActiveCfg = Debug|Any CPU
		{971DD6C8-000B-4308-9DCE-8347F5D0DD70}.Debug|x64.Build.0 = Debug|Any CPU
		{971DD6C8-000B-4308-9DCE-8347F5D0DD70}.Debug|x86.ActiveCfg = Debug|Any CPU
		{971DD6C8-000B-4308-9DCE-8347F5D0DD70}.Debug|x86.Build.0 = Debug|Any CPU
		{971DD6C8-000B-4308-9DCE-8347F5D0DD70}.Release|Any CPU.ActiveCfg = Release|Any CPU
		{971DD6C8-000B-4308-9DCE-8347F5D0DD70}.Release|Any CPU.Build.0 = Release|Any CPU
		{971DD6C8-000B-4308-9DCE-8347F5D0DD70}.Release|x64.ActiveCfg = Release|Any CPU
		{971DD6C8-000B-4308-9DCE-8347F5D0DD70}.Release|x64.Build.0 = Release|Any CPU
		{971DD6C8-000B-4308-9DCE-8347F5D0DD70}.Release|x86.ActiveCfg = Release|Any CPU
		{971DD6C8-000B-4308-9DCE-8347F5D0DD70}.Release|x86.Build.0 = Release|Any CPU
		{EF66B1BE-64F3-4253-B7F0-EFE7155B30F9}.Debug|Any CPU.ActiveCfg = Debug|Any CPU
		{EF66B1BE-64F3-4253-B7F0-EFE7155B30F9}.Debug|Any CPU.Build.0 = Debug|Any CPU
		{EF66B1BE-64F3-4253-B7F0-EFE7155B30F9}.Debug|x64.ActiveCfg = Debug|Any CPU
		{EF66B1BE-64F3-4253-B7F0-EFE7155B30F9}.Debug|x64.Build.0 = Debug|Any CPU
		{EF66B1BE-64F3-4253-B7F0-EFE7155B30F9}.Debug|x86.ActiveCfg = Debug|Any CPU
		{EF66B1BE-64F3-4253-B7F0-EFE7155B30F9}.Debug|x86.Build.0 = Debug|Any CPU
		{EF66B1BE-64F3-4253-B7F0-EFE7155B30F9}.Release|Any CPU.ActiveCfg = Release|Any CPU
		{EF66B1BE-64F3-4253-B7F0-EFE7155B30F9}.Release|Any CPU.Build.0 = Release|Any CPU
		{EF66B1BE-64F3-4253-B7F0-EFE7155B30F9}.Release|x64.ActiveCfg = Release|Any CPU
		{EF66B1BE-64F3-4253-B7F0-EFE7155B30F9}.Release|x64.Build.0 = Release|Any CPU
		{EF66B1BE-64F3-4253-B7F0-EFE7155B30F9}.Release|x86.ActiveCfg = Release|Any CPU
		{EF66B1BE-64F3-4253-B7F0-EFE7155B30F9}.Release|x86.Build.0 = Release|Any CPU
		{D654C3E8-A284-4460-8C29-D30CC25D5F04}.Debug|Any CPU.ActiveCfg = Debug|Any CPU
		{D654C3E8-A284-4460-8C29-D30CC25D5F04}.Debug|Any CPU.Build.0 = Debug|Any CPU
		{D654C3E8-A284-4460-8C29-D30CC25D5F04}.Debug|x64.ActiveCfg = Debug|Any CPU
		{D654C3E8-A284-4460-8C29-D30CC25D5F04}.Debug|x64.Build.0 = Debug|Any CPU
		{D654C3E8-A284-4460-8C29-D30CC25D5F04}.Debug|x86.ActiveCfg = Debug|Any CPU
		{D654C3E8-A284-4460-8C29-D30CC25D5F04}.Debug|x86.Build.0 = Debug|Any CPU
		{D654C3E8-A284-4460-8C29-D30CC25D5F04}.Release|Any CPU.ActiveCfg = Release|Any CPU
		{D654C3E8-A284-4460-8C29-D30CC25D5F04}.Release|Any CPU.Build.0 = Release|Any CPU
		{D654C3E8-A284-4460-8C29-D30CC25D5F04}.Release|x64.ActiveCfg = Release|Any CPU
		{D654C3E8-A284-4460-8C29-D30CC25D5F04}.Release|x64.Build.0 = Release|Any CPU
		{D654C3E8-A284-4460-8C29-D30CC25D5F04}.Release|x86.ActiveCfg = Release|Any CPU
		{D654C3E8-A284-4460-8C29-D30CC25D5F04}.Release|x86.Build.0 = Release|Any CPU
		{FDB0A37D-C4D0-4007-A2B3-92DD400A47E8}.Debug|Any CPU.ActiveCfg = Debug|Any CPU
		{FDB0A37D-C4D0-4007-A2B3-92DD400A47E8}.Debug|Any CPU.Build.0 = Debug|Any CPU
		{FDB0A37D-C4D0-4007-A2B3-92DD400A47E8}.Debug|x64.ActiveCfg = Debug|Any CPU
		{FDB0A37D-C4D0-4007-A2B3-92DD400A47E8}.Debug|x64.Build.0 = Debug|Any CPU
		{FDB0A37D-C4D0-4007-A2B3-92DD400A47E8}.Debug|x86.ActiveCfg = Debug|Any CPU
		{FDB0A37D-C4D0-4007-A2B3-92DD400A47E8}.Debug|x86.Build.0 = Debug|Any CPU
		{FDB0A37D-C4D0-4007-A2B3-92DD400A47E8}.Release|Any CPU.ActiveCfg = Release|Any CPU
		{FDB0A37D-C4D0-4007-A2B3-92DD400A47E8}.Release|Any CPU.Build.0 = Release|Any CPU
		{FDB0A37D-C4D0-4007-A2B3-92DD400A47E8}.Release|x64.ActiveCfg = Release|Any CPU
		{FDB0A37D-C4D0-4007-A2B3-92DD400A47E8}.Release|x64.Build.0 = Release|Any CPU
		{FDB0A37D-C4D0-4007-A2B3-92DD400A47E8}.Release|x86.ActiveCfg = Release|Any CPU
		{FDB0A37D-C4D0-4007-A2B3-92DD400A47E8}.Release|x86.Build.0 = Release|Any CPU
	EndGlobalSection
	GlobalSection(SolutionProperties) = preSolution
		HideSolutionNode = FALSE
	EndGlobalSection
EndGlobal
